
Microsoft Visual Studio Solution File, Format Version 12.00
# Visual Studio 14
VisualStudioVersion = 14.0.25420.1
MinimumVisualStudioVersion = 10.0.40219.1
Project("{2150E333-8FDC-42A3-9474-1A3956D46DE8}") = "src", "src", "{AA6535B0-4626-4C82-910C-4A1464C9EB07}"
EndProject
Project("{2150E333-8FDC-42A3-9474-1A3956D46DE8}") = "Solution Items", "Solution Items", "{46272758-AD52-44DC-BA6D-6D08AE8C6F95}"
	ProjectSection(SolutionItems) = preProject
		global.json = global.json
	EndProjectSection
EndProject
Project("{8BB2217D-0F2D-49D1-97BC-3654ED321F3B}") = "RightScale.netClient.core", "src\RightScale.netClient.core\RightScale.netClient.core.xproj", "{8FCD22DC-AF96-403E-BE9C-6C783741B92C}"
EndProject
Global
	GlobalSection(SolutionConfigurationPlatforms) = preSolution
		Debug|Any CPU = Debug|Any CPU
		Release|Any CPU = Release|Any CPU
	EndGlobalSection
	GlobalSection(ProjectConfigurationPlatforms) = postSolution
		{8FCD22DC-AF96-403E-BE9C-6C783741B92C}.Debug|Any CPU.ActiveCfg = Debug|Any CPU
		{8FCD22DC-AF96-403E-BE9C-6C783741B92C}.Debug|Any CPU.Build.0 = Debug|Any CPU
		{8FCD22DC-AF96-403E-BE9C-6C783741B92C}.Release|Any CPU.ActiveCfg = Release|Any CPU
		{8FCD22DC-AF96-403E-BE9C-6C783741B92C}.Release|Any CPU.Build.0 = Release|Any CPU
	EndGlobalSection
	GlobalSection(SolutionProperties) = preSolution
		HideSolutionNode = FALSE
	EndGlobalSection
	GlobalSection(NestedProjects) = preSolution
		{8FCD22DC-AF96-403E-BE9C-6C783741B92C} = {AA6535B0-4626-4C82-910C-4A1464C9EB07}
	EndGlobalSection
EndGlobal
